{
  "name": "timarney-module2",
  "version": "1.0.2",
  "lockfileVersion": 1,
  "requires": true,
  "dependencies": {
    "lodash._baseclone": {
      "version": "4.5.7",
      "resolved": "https://registry.npmjs.org/lodash._baseclone/-/lodash._baseclone-4.5.7.tgz",
      "integrity": "sha1-zkKt4IOE711i+nfDD2GkbmhvhDQ="
    },
    "lodash._stack": {
      "version": "4.1.3",
      "resolved": "https://registry.npmjs.org/lodash._stack/-/lodash._stack-4.1.3.tgz",
      "integrity": "sha1-dRqnbBuWSwR+dtFPxyoJP8teLdA="
    },
    "lodash.flatten": {
      "version": "4.4.0",
      "resolved": "https://registry.npmjs.org/lodash.flatten/-/lodash.flatten-4.4.0.tgz",
      "integrity": "sha1-8xwiIlqWMtK7+OSt2+8kCqdlph8="
    },
    "lodash.isplainobject": {
      "version": "4.0.6",
      "resolved": "https://registry.npmjs.org/lodash.isplainobject/-/lodash.isplainobject-4.0.6.tgz",
      "integrity": "sha1-fFJqUtibRcRcxpC4gWO+BJf1UMs="
    },
    "lodash.keysin": {
      "version": "4.2.0",
      "resolved": "https://registry.npmjs.org/lodash.keysin/-/lodash.keysin-4.2.0.tgz",
      "integrity": "sha1-jMP7NcLZSsxEOhhj4C+kB5nqbyg="
    },
    "lodash.mergewith": {
      "version": "4.3.5",
      "resolved": "https://registry.npmjs.org/lodash.mergewith/-/lodash.mergewith-4.3.5.tgz",
      "integrity": "sha1-WjhQtI+hHrWMVMQOXCxyvkdtKDU=",
      "requires": {
        "lodash._baseclone": "~4.5.0",
        "lodash._stack": "~4.1.0",
        "lodash.isplainobject": "^4.0.0",
        "lodash.keysin": "^4.0.0",
        "lodash.rest": "^4.0.0"
      }
    },
    "lodash.rest": {
      "version": "4.0.5",
      "resolved": "https://registry.npmjs.org/lodash.rest/-/lodash.rest-4.0.5.tgz",
      "integrity": "sha1-lU73UEkmIDjJbR/Jiyj9r58Hcqo="
    }
  }
}
